// !$*UTF8*$!
{
	archiveVersion = 1;
	classes = {
	};
	objectVersion = 46;
	objects = {

/* Begin PBXBuildFile section */
		D7AD579F1CCF7AB1007E9EF3 /* main.m in Sources */ = {isa = PBXBuildFile; fileRef = D7AD579E1CCF7AB1007E9EF3 /* main.m */; };
		D7AD57A21CCF7AB2007E9EF3 /* AppDelegate.m in Sources */ = {isa = PBXBuildFile; fileRef = D7AD57A11CCF7AB2007E9EF3 /* AppDelegate.m */; };
		D7AD57A51CCF7AB2007E9EF3 /* ViewController.m in Sources */ = {isa = PBXBuildFile; fileRef = D7AD57A41CCF7AB2007E9EF3 /* ViewController.m */; };
		D7AD57A81CCF7AB2007E9EF3 /* Main.storyboard in Resources */ = {isa = PBXBuildFile; fileRef = D7AD57A61CCF7AB2007E9EF3 /* Main.storyboard */; };
		D7AD57AA1CCF7AB2007E9EF3 /* Assets.xcassets in Resources */ = {isa = PBXBuildFile; fileRef = D7AD57A91CCF7AB2007E9EF3 /* Assets.xcassets */; };
		D7AD57AD1CCF7AB2007E9EF3 /* LaunchScreen.storyboard in Resources */ = {isa = PBXBuildFile; fileRef = D7AD57AB1CCF7AB2007E9EF3 /* LaunchScreen.storyboard */; };
/* End PBXBuildFile section */

/* Begin PBXFileReference section */
		D7AD579A1CCF7AB1007E9EF3 /* LCDemo.app */ = {isa = PBXFileReference; explicitFileType = wrapper.application; includeInIndex = 0; path = LCDemo.app; sourceTree = BUILT_PRODUCTS_DIR; };
		D7AD579E1CCF7AB1007E9EF3 /* main.m */ = {isa = PBXFileReference; lastKnownFileType = sourcecode.c.objc; path = main.m; sourceTree = "<group>"; };
		D7AD57A01CCF7AB1007E9EF3 /* AppDelegate.h */ = {isa = PBXFileReference; lastKnownFileType = sourcecode.c.h; path = AppDelegate.h; sourceTree = "<group>"; };
		D7AD57A11CCF7AB2007E9EF3 /* AppDelegate.m */ = {isa = PBXFileReference; lastKnownFileType = sourcecode.c.objc; path = AppDelegate.m; sourceTree = "<group>"; };
		D7AD57A31CCF7AB2007E9EF3 /* ViewController.h */ = {isa = PBXFileReference; lastKnownFileType = sourcecode.c.h; path = ViewController.h; sourceTree = "<group>"; };
		D7AD57A41CCF7AB2007E9EF3 /* ViewController.m */ = {isa = PBXFileReference; lastKnownFileType = sourcecode.c.objc; path = ViewController.m; sourceTree = "<group>"; };
		D7AD57A71CCF7AB2007E9EF3 /* Base */ = {isa = PBXFileReference; lastKnownFileType = file.storyboard; name = Base; path = Base.lproj/Main.storyboard; sourceTree = "<group>"; };
		D7AD57A91CCF7AB2007E9EF3 /* Assets.xcassets */ = {isa = PBXFileReference; lastKnownFileType = folder.assetcatalog; path = Assets.xcassets; sourceTree = "<group>"; };
		D7AD57AC1CCF7AB2007E9EF3 /* Base */ = {isa = PBXFileReference; lastKnownFileType = file.storyboard; name = Base; path = Base.lproj/LaunchScreen.storyboard; sourceTree = "<group>"; };
		D7AD57AE1CCF7AB2007E9EF3 /* Info.plist */ = {isa = PBXFileReference; lastKnownFileType = text.plist.xml; path = Info.plist; sourceTree = "<group>"; };
/* End PBXFileReference section */

/* Begin PBXFrameworksBuildPhase section */
		D7AD57971CCF7AB1007E9EF3 /* Frameworks */ = {
			isa = PBXFrameworksBuildPhase;
			buildActionMask = 2147483647;
			files = (
			);
			runOnlyForDeploymentPostprocessing = 0;
		};
/* End PBXFrameworksBuildPhase section */

/* Begin PBXGroup section */
		D7AD57911CCF7AB1007E9EF3 = {
			isa = PBXGroup;
			children = (
				D7AD579C1CCF7AB1007E9EF3 /* LCDemo */,
				D7AD579B1CCF7AB1007E9EF3 /* Products */,
			);
			sourceTree = "<group>";
		};
		D7AD579B1CCF7AB1007E9EF3 /* Products */ = {
			isa = PBXGroup;
			children = (
				D7AD579A1CCF7AB1007E9EF3 /* LCDemo.app */,
			);
			name = Products;
			sourceTree = "<group>";
		};
		D7AD579C1CCF7AB1007E9EF3 /* LCDemo */ = {
			isa = PBXGroup;
			children = (
				D7AD57A01CCF7AB1007E9EF3 /* AppDelegate.h */,
				D7AD57A11CCF7AB2007E9EF3 /* AppDelegate.m */,
				D7AD57A31CCF7AB2007E9EF3 /* ViewController.h */,
				D7AD57A41CCF7AB2007E9EF3 /* ViewController.m */,
				D7AD57A61CCF7AB2007E9EF3 /* Main.storyboard */,
				D7AD57A91CCF7AB2007E9EF3 /* Assets.xcassets */,
				D7AD57AB1CCF7AB2007E9EF3 /* LaunchScreen.storyboard */,
				D7AD57AE1CCF7AB2007E9EF3 /* Info.plist */,
				D7AD579D1CCF7AB1007E9EF3 /* Supporting Files */,
			);
			path = LCDemo;
			sourceTree = "<group>";
		};
		D7AD579D1CCF7AB1007E9EF3 /* Supporting Files */ = {
			isa = PBXGroup;
			children = (
				D7AD579E1CCF7AB1007E9EF3 /* main.m */,
			);
			name = "Supporting Files";
			sourceTree = "<group>";
		};
/* End PBXGroup section */

/* Begin PBXNativeTarget section */
		D7AD57991CCF7AB1007E9EF3 /* LCDemo */ = {
			isa = PBXNativeTarget;
			buildConfigurationList = D7AD57B11CCF7AB2007E9EF3 /* Build configuration list for PBXNativeTarget "LCDemo" */;
			buildPhases = (
				D7AD57961CCF7AB1007E9EF3 /* Sources */,
				D7AD57971CCF7AB1007E9EF3 /* Frameworks */,
				D7AD57981CCF7AB1007E9EF3 /* Resources */,
			);
			buildRules = (
			);
			dependencies = (
			);
			name = LCDemo;
			productName = LCDemo;
			productReference = D7AD579A1CCF7AB1007E9EF3 /* LCDemo.app */;
			productType = "com.apple.product-type.application";
		};
/* End PBXNativeTarget section */

/* Begin PBXProject section */
		D7AD57921CCF7AB1007E9EF3 /* Project object */ = {
			isa = PBXProject;
			attributes = {
				LastUpgradeCheck = 0730;
				ORGANIZATIONNAME = Chensh;
				TargetAttributes = {
					D7AD57991CCF7AB1007E9EF3 = {
						CreatedOnToolsVersion = 7.3;
					};
				};
			};
			buildConfigurationList = D7AD57951CCF7AB1007E9EF3 /* Build configuration list for PBXProject "LCDemo" */;
			compatibilityVersion = "Xcode 3.2";
			developmentRegion = English;
			hasScannedForEncodings = 0;
			knownRegions = (
				en,
				Base,
			);
			mainGroup = D7AD57911CCF7AB1007E9EF3;
			productRefGroup = D7AD579B1CCF7AB1007E9EF3 /* Products */;
			projectDirPath = "";
			projectRoot = "";
			targets = (
				D7AD57991CCF7AB1007E9EF3 /* LCDemo */,
			);
		};
/* End PBXProject section */

/* Begin PBXResourcesBuildPhase section */
		D7AD57981CCF7AB1007E9EF3 /* Resources */ = {
			isa = PBXResourcesBuildPhase;
			buildActionMask = 2147483647;
			files = (
				D7AD57AD1CCF7AB2007E9EF3 /* LaunchScreen.storyboard in Resources */,
				D7AD57AA1CCF7AB2007E9EF3 /* Assets.xcassets in Resources */,
				D7AD57A81CCF7AB2007E9EF3 /* Main.storyboard in Resources */,
			);
			runOnlyForDeploymentPostprocessing = 0;
		};
/* End PBXResourcesBuildPhase section */

/* Begin PBXSourcesBuildPhase section */
		D7AD57961CCF7AB1007E9EF3 /* Sources */ = {
			isa = PBXSourcesBuildPhase;
			buildActionMask = 2147483647;
			files = (
				D7AD57A51CCF7AB2007E9EF3 /* ViewController.m in Sources */,
				D7AD57A21CCF7AB2007E9EF3 /* AppDelegate.m in Sources */,
				D7AD579F1CCF7AB1007E9EF3 /* main.m in Sources */,
			);
			runOnlyForDeploymentPostprocessing = 0;
		};
/* End PBXSourcesBuildPhase section */

/* Begin PBXVariantGroup section */
		D7AD57A61CCF7AB2007E9EF3 /* Main.storyboard */ = {
			isa = PBXVariantGroup;
			children = (
				D7AD57A71CCF7AB2007E9EF3 /* Base */,
			);
			name = Main.storyboard;
			sourceTree = "<group>";
		};
		D7AD57AB1CCF7AB2007E9EF3 /* LaunchScreen.storyboard */ = {
			isa = PBXVariantGroup;
			children = (
				D7AD57AC1CCF7AB2007E9EF3 /* Base */,
			);
			name = LaunchScreen.storyboard;
			sourceTree = "<group>";
		};
/* End PBXVariantGroup section */

/* Begin XCBuildConfiguration section */
		D7AD57AF1CCF7AB2007E9EF3 /* Debug */ = {
			isa = XCBuildConfiguration;
			buildSettings = {
				ALWAYS_SEARCH_USER_PATHS = NO;
				CLANG_ANALYZER_NONNULL = YES;
				CLANG_CXX_LANGUAGE_STANDARD = "gnu++0x";
				CLANG_CXX_LIBRARY = "libc++";
				CLANG_ENABLE_MODULES = YES;
				CLANG_ENABLE_OBJC_ARC = YES;
				CLANG_WARN_BOOL_CONVERSION = YES;
				CLANG_WARN_CONSTANT_CONVERSION = YES;
				CLANG_WARN_DIRECT_OBJC_ISA_USAGE = YES_ERROR;
				CLANG_WARN_EMPTY_BODY = YES;
				CLANG_WARN_ENUM_CONVERSION = YES;
				CLANG_WARN_INT_CONVERSION = YES;
				CLANG_WARN_OBJC_ROOT_CLASS = YES_ERROR;
				CLANG_WARN_UNREACHABLE_CODE = YES;
				CLANG_WARN__DUPLICATE_METHOD_MATCH = YES;
				"CODE_SIGN_IDENTITY[sdk=iphoneos*]" = "iPhone Developer";
				COPY_PHASE_STRIP = NO;
				DEBUG_INFORMATION_FORMAT = dwarf;
				ENABLE_STRICT_OBJC_MSGSEND = YES;
				ENABLE_TESTABILITY = YES;
				GCC_C_LANGUAGE_STANDARD = gnu99;
				GCC_DYNAMIC_NO_PIC = NO;
				GCC_NO_COMMON_BLOCKS = YES;
				GCC_OPTIMIZATION_LEVEL = 0;
				GCC_PREPROCESSOR_DEFINITIONS = (
					"DEBUG=1",
					"$(inherited)",
				);
				GCC_WARN_64_TO_32_BIT_CONVERSION = YES;
				GCC_WARN_ABOUT_RETURN_TYPE = YES_ERROR;
				GCC_WARN_UNDECLARED_SELECTOR = YES;
				GCC_WARN_UNINITIALIZED_AUTOS = YES_AGGRESSIVE;
				GCC_WARN_UNUSED_FUNCTION = YES;
				GCC_WARN_UNUSED_VARIABLE = YES;
				IPHONEOS_DEPLOYMENT_TARGET = 9.3;
				MTL_ENABLE_DEBUG_INFO = YES;
				ONLY_ACTIVE_ARCH = YES;
				SDKROOT = iphoneos;
			};
			name = Debug;
		};
		D7AD57B01CCF7AB2007E9EF3 /* Release */ = {
			isa = XCBuildConfiguration;
			buildSettings = {
				ALWAYS_SEARCH_USER_PATHS = NO;
				CLANG_ANALYZER_NONNULL = YES;
				CLANG_CXX_LANGUAGE_STANDARD = "gnu++0x";
				CLANG_CXX_LIBRARY = "libc++";
				CLANG_ENABLE_MODULES = YES;
				CLANG_ENABLE_OBJC_ARC = YES;
				CLANG_WARN_BOOL_CONVERSION = YES;
				CLANG_WARN_CONSTANT_CONVERSION = YES;
				CLANG_WARN_DIRECT_OBJC_ISA_USAGE = YES_ERROR;
				CLANG_WARN_EMPTY_BODY = YES;
				CLANG_WARN_ENUM_CONVERSION = YES;
				CLANG_WARN_INT_CONVERSION = YES;
				CLANG_WARN_OBJC_ROOT_CLASS = YES_ERROR;
				CLANG_WARN_UNREACHABLE_CODE = YES;
				CLANG_WARN__DUPLICATE_METHOD_MATCH = YES;
				"CODE_SIGN_IDENTITY[sdk=iphoneos*]" = "iPhone Developer";
				COPY_PHASE_STRIP = NO;
				DEBUG_INFORMATION_FORMAT = "dwarf-with-dsym";
				ENABLE_NS_ASSERTIONS = NO;
				ENABLE_STRICT_OBJC_MSGSEND = YES;
				GCC_C_LANGUAGE_STANDARD = gnu99;
				GCC_NO_COMMON_BLOCKS = YES;
				GCC_WARN_64_TO_32_BIT_CONVERSION = YES;
				GCC_WARN_ABOUT_RETURN_TYPE = YES_ERROR;
				GCC_WARN_UNDECLARED_SELECTOR = YES;
				GCC_WARN_UNINITIALIZED_AUTOS = YES_AGGRESSIVE;
				GCC_WARN_UNUSED_FUNCTION = YES;
				GCC_WARN_UNUSED_VARIABLE = YES;
				IPHONEOS_DEPLOYMENT_TARGET = 9.3;
				MTL_ENABLE_DEBUG_INFO = NO;
				SDKROOT = iphoneos;
				VALIDATE_PRODUCT = YES;
			};
			name = Release;
		};
		D7AD57B21CCF7AB2007E9EF3 /* Debug */ = {
			isa = XCBuildConfiguration;
			buildSettings = {
				ASSETCATALOG_COMPILER_APPICON_NAME = AppIcon;
				INFOPLIST_FILE = LCDemo/Info.plist;
				LD_RUNPATH_SEARCH_PATHS = "$(inherited) @executable_path/Frameworks";
				PRODUCT_BUNDLE_IDENTIFIER = com.yate.LCDemo;
				PRODUCT_NAME = "$(TARGET_NAME)";
			};
			name = Debug;
		};
		D7AD57B31CCF7AB2007E9EF3 /* Release */ = {
			isa = XCBuildConfiguration;
			buildSettings = {
				ASSETCATALOG_COMPILER_APPICON_NAME = AppIcon;
				INFOPLIST_FILE = LCDemo/Info.plist;
				LD_RUNPATH_SEARCH_PATHS = "$(inherited) @executable_path/Frameworks";
				PRODUCT_BUNDLE_IDENTIFIER = com.yate.LCDemo;
				PRODUCT_NAME = "$(TARGET_NAME)";
			};
			name = Release;
		};
/* End XCBuildConfiguration section */

/* Begin XCConfigurationList section */
		D7AD57951CCF7AB1007E9EF3 /* Build configuration list for PBXProject "LCDemo" */ = {
			isa = XCConfigurationList;
			buildConfigurations = (
				D7AD57AF1CCF7AB2007E9EF3 /* Debug */,
				D7AD57B01CCF7AB2007E9EF3 /* Release */,
			);
			defaultConfigurationIsVisible = 0;
			defaultConfigurationName = Release;
		};
		D7AD57B11CCF7AB2007E9EF3 /* Build configuration list for PBXNativeTarget "LCDemo" */ = {
			isa = XCConfigurationList;
			buildConfigurations = (
				D7AD57B21CCF7AB2007E9EF3 /* Debug */,
				D7AD57B31CCF7AB2007E9EF3 /* Release */,
			);
			defaultConfigurationIsVisible = 0;
		};
/* End XCConfigurationList section */
	};
	rootObject = D7AD57921CCF7AB1007E9EF3 /* Project object */;
}
